
Microsoft Visual Studio Solution File, Format Version 12.00
# Visual Studio Version 17
VisualStudioVersion = 17.7.34024.191
MinimumVisualStudioVersion = 10.0.40219.1
Project("{9A19103F-16F7-4668-BE54-9A1E7A4F7556}") = "ConsoleApp10", "ConsoleApp10\ConsoleApp10.csproj", "{43CD16F8-59A4-4483-9CE6-9D5A2DF57A37}"
EndProject
Project("{FAE04EC0-301F-11D3-BF4B-00C04F79EFBC}") = "CarsLibrary", "CarsLibrary\CarsLibrary.csproj", "{090C3EE9-9383-44B3-9187-8AE4D8059CDE}"
EndProject
Project("{FAE04EC0-301F-11D3-BF4B-00C04F79EFBC}") = "lab_10Test", "lab_10Test\lab_10Test.csproj", "{EBCC678F-75F7-411C-9091-67258540267B}"
EndProject
Global
	GlobalSection(SolutionConfigurationPlatforms) = preSolution
		Debug|Any CPU = Debug|Any CPU
		Release|Any CPU = Release|Any CPU
	EndGlobalSection
	GlobalSection(ProjectConfigurationPlatforms) = postSolution
		{43CD16F8-59A4-4483-9CE6-9D5A2DF57A37}.Debug|Any CPU.ActiveCfg = Debug|Any CPU
		{43CD16F8-59A4-4483-9CE6-9D5A2DF57A37}.Debug|Any CPU.Build.0 = Debug|Any CPU
		{43CD16F8-59A4-4483-9CE6-9D5A2DF57A37}.Release|Any CPU.ActiveCfg = Release|Any CPU
		{43CD16F8-59A4-4483-9CE6-9D5A2DF57A37}.Release|Any CPU.Build.0 = Release|Any CPU
		{090C3EE9-9383-44B3-9187-8AE4D8059CDE}.Debug|Any CPU.ActiveCfg = Debug|Any CPU
		{090C3EE9-9383-44B3-9187-8AE4D8059CDE}.Debug|Any CPU.Build.0 = Debug|Any CPU
		{090C3EE9-9383-44B3-9187-8AE4D8059CDE}.Release|Any CPU.ActiveCfg = Release|Any CPU
		{090C3EE9-9383-44B3-9187-8AE4D8059CDE}.Release|Any CPU.Build.0 = Release|Any CPU
		{EBCC678F-75F7-411C-9091-67258540267B}.Debug|Any CPU.ActiveCfg = Debug|Any CPU
		{EBCC678F-75F7-411C-9091-67258540267B}.Debug|Any CPU.Build.0 = Debug|Any CPU
		{EBCC678F-75F7-411C-9091-67258540267B}.Release|Any CPU.ActiveCfg = Release|Any CPU
		{EBCC678F-75F7-411C-9091-67258540267B}.Release|Any CPU.Build.0 = Release|Any CPU
	EndGlobalSection
	GlobalSection(SolutionProperties) = preSolution
		HideSolutionNode = FALSE
	EndGlobalSection
	GlobalSection(ExtensibilityGlobals) = postSolution
		SolutionGuid = {D53B8286-DFE4-408C-8907-39BD65BB4357}
	EndGlobalSection
EndGlobal
